
Microsoft Visual Studio Solution File, Format Version 12.00
# Visual Studio Version 16
VisualStudioVersion = 16.0.30611.23
MinimumVisualStudioVersion = 10.0.40219.1
Project("{FAE04EC0-301F-11D3-BF4B-00C04F79EFBC}") = "ELibraryManagement", "WebApplication1\ELibraryManagement.csproj", "{161ACD25-E7A5-4F2A-8BD1-E6394B1DFF1B}"
EndProject
Global
	GlobalSection(SolutionConfigurationPlatforms) = preSolution
		Debug|Any CPU = Debug|Any CPU
		Release|Any CPU = Release|Any CPU
	EndGlobalSection
	GlobalSection(ProjectConfigurationPlatforms) = postSolution
		{161ACD25-E7A5-4F2A-8BD1-E6394B1DFF1B}.Debug|Any CPU.ActiveCfg = Debug|Any CPU
		{161ACD25-E7A5-4F2A-8BD1-E6394B1DFF1B}.Debug|Any CPU.Build.0 = Debug|Any CPU
		{161ACD25-E7A5-4F2A-8BD1-E6394B1DFF1B}.Release|Any CPU.ActiveCfg = Release|Any CPU
		{161ACD25-E7A5-4F2A-8BD1-E6394B1DFF1B}.Release|Any CPU.Build.0 = Release|Any CPU
	EndGlobalSection
	GlobalSection(SolutionProperties) = preSolution
		HideSolutionNode = FALSE
	EndGlobalSection
	GlobalSection(ExtensibilityGlobals) = postSolution
		SolutionGuid = {2A27DFBF-C60F-47F9-B4E2-41089884A066}
	EndGlobalSection
EndGlobal
